
Microsoft Visual Studio Solution File, Format Version 12.00
# Visual Studio Version 17
VisualStudioVersion = 17.3.32811.315
MinimumVisualStudioVersion = 10.0.40219.1
Project("{9A19103F-16F7-4668-BE54-9A1E7A4F7556}") = "oop", "oop\oop.csproj", "{F06CB948-ABEC-433A-802D-FECF88424DA3}"
EndProject
Global
	GlobalSection(SolutionConfigurationPlatforms) = preSolution
		Debug|Any CPU = Debug|Any CPU
		Release|Any CPU = Release|Any CPU
	EndGlobalSection
	GlobalSection(ProjectConfigurationPlatforms) = postSolution
		{F06CB948-ABEC-433A-802D-FECF88424DA3}.Debug|Any CPU.ActiveCfg = Debug|Any CPU
		{F06CB948-ABEC-433A-802D-FECF88424DA3}.Debug|Any CPU.Build.0 = Debug|Any CPU
		{F06CB948-ABEC-433A-802D-FECF88424DA3}.Release|Any CPU.ActiveCfg = Release|Any CPU
		{F06CB948-ABEC-433A-802D-FECF88424DA3}.Release|Any CPU.Build.0 = Release|Any CPU
	EndGlobalSection
	GlobalSection(SolutionProperties) = preSolution
		HideSolutionNode = FALSE
	EndGlobalSection
	GlobalSection(ExtensibilityGlobals) = postSolution
		SolutionGuid = {57DBF42C-9996-46D3-BBDE-6EBF73FD5448}
	EndGlobalSection
EndGlobal
